
Microsoft Visual Studio Solution File, Format Version 12.00
# Visual Studio Version 17
VisualStudioVersion = 17.8.34511.84
MinimumVisualStudioVersion = 10.0.40219.1
Project("{9A19103F-16F7-4668-BE54-9A1E7A4F7556}") = "Coupons", "Coupons\Coupons.csproj", "{3BEBE3AE-EAE6-4DC3-98FF-E0C5D446F1B0}"
EndProject
Project("{9A19103F-16F7-4668-BE54-9A1E7A4F7556}") = "Auth", "Auth\Auth.csproj", "{88F6BB8E-FE63-4002-BD9F-99DBB6033DD0}"
EndProject
Project("{FAE04EC0-301F-11D3-BF4B-00C04F79EFBC}") = "Products", "Products\Products.csproj", "{1155CF55-D093-4427-BEEE-98028E6CAE5F}"
EndProject
Project("{FAE04EC0-301F-11D3-BF4B-00C04F79EFBC}") = "Cart", "Cart\Cart.csproj", "{CFDD58EF-5D1C-468C-BC8C-B5571D9FBE77}"
EndProject
Global
	GlobalSection(SolutionConfigurationPlatforms) = preSolution
		Debug|Any CPU = Debug|Any CPU
		Release|Any CPU = Release|Any CPU
	EndGlobalSection
	GlobalSection(ProjectConfigurationPlatforms) = postSolution
		{3BEBE3AE-EAE6-4DC3-98FF-E0C5D446F1B0}.Debug|Any CPU.ActiveCfg = Debug|Any CPU
		{3BEBE3AE-EAE6-4DC3-98FF-E0C5D446F1B0}.Debug|Any CPU.Build.0 = Debug|Any CPU
		{3BEBE3AE-EAE6-4DC3-98FF-E0C5D446F1B0}.Release|Any CPU.ActiveCfg = Release|Any CPU
		{3BEBE3AE-EAE6-4DC3-98FF-E0C5D446F1B0}.Release|Any CPU.Build.0 = Release|Any CPU
		{88F6BB8E-FE63-4002-BD9F-99DBB6033DD0}.Debug|Any CPU.ActiveCfg = Debug|Any CPU
		{88F6BB8E-FE63-4002-BD9F-99DBB6033DD0}.Debug|Any CPU.Build.0 = Debug|Any CPU
		{88F6BB8E-FE63-4002-BD9F-99DBB6033DD0}.Release|Any CPU.ActiveCfg = Release|Any CPU
		{88F6BB8E-FE63-4002-BD9F-99DBB6033DD0}.Release|Any CPU.Build.0 = Release|Any CPU
		{1155CF55-D093-4427-BEEE-98028E6CAE5F}.Debug|Any CPU.ActiveCfg = Debug|Any CPU
		{1155CF55-D093-4427-BEEE-98028E6CAE5F}.Debug|Any CPU.Build.0 = Debug|Any CPU
		{1155CF55-D093-4427-BEEE-98028E6CAE5F}.Release|Any CPU.ActiveCfg = Release|Any CPU
		{1155CF55-D093-4427-BEEE-98028E6CAE5F}.Release|Any CPU.Build.0 = Release|Any CPU
		{CFDD58EF-5D1C-468C-BC8C-B5571D9FBE77}.Debug|Any CPU.ActiveCfg = Debug|Any CPU
		{CFDD58EF-5D1C-468C-BC8C-B5571D9FBE77}.Debug|Any CPU.Build.0 = Debug|Any CPU
		{CFDD58EF-5D1C-468C-BC8C-B5571D9FBE77}.Release|Any CPU.ActiveCfg = Release|Any CPU
		{CFDD58EF-5D1C-468C-BC8C-B5571D9FBE77}.Release|Any CPU.Build.0 = Release|Any CPU
	EndGlobalSection
	GlobalSection(SolutionProperties) = preSolution
		HideSolutionNode = FALSE
	EndGlobalSection
	GlobalSection(ExtensibilityGlobals) = postSolution
		SolutionGuid = {64D56AC7-D7F3-4B23-A259-C3A0704579C5}
	EndGlobalSection
EndGlobal
